
Microsoft Visual Studio Solution File, Format Version 12.00
# Visual Studio 2012
Project("{FAE04EC0-301F-11D3-BF4B-00C04F79EFBC}") = "MyWebsiteRazor1", "MyWebsiteRazor1\MyWebsiteRazor1.csproj", "{73D0EBB1-266F-4FAE-9FB9-1B01C20DD909}"
EndProject
Global
	GlobalSection(SolutionConfigurationPlatforms) = preSolution
		Debug|Any CPU = Debug|Any CPU
		Release|Any CPU = Release|Any CPU
	EndGlobalSection
	GlobalSection(ProjectConfigurationPlatforms) = postSolution
		{73D0EBB1-266F-4FAE-9FB9-1B01C20DD909}.Debug|Any CPU.ActiveCfg = Debug|Any CPU
		{73D0EBB1-266F-4FAE-9FB9-1B01C20DD909}.Debug|Any CPU.Build.0 = Debug|Any CPU
		{73D0EBB1-266F-4FAE-9FB9-1B01C20DD909}.Release|Any CPU.ActiveCfg = Release|Any CPU
		{73D0EBB1-266F-4FAE-9FB9-1B01C20DD909}.Release|Any CPU.Build.0 = Release|Any CPU
	EndGlobalSection
	GlobalSection(SolutionProperties) = preSolution
		HideSolutionNode = FALSE
	EndGlobalSection
EndGlobal
