
Microsoft Visual Studio Solution File, Format Version 12.00
# Visual Studio 2012
Project("{FAE04EC0-301F-11D3-BF4B-00C04F79EFBC}") = "ACTY1", "ACTY1\ACTY1.csproj", "{C0EA1BE2-04D8-499B-ACE8-4D866F66C0CA}"
EndProject
Global
	GlobalSection(SolutionConfigurationPlatforms) = preSolution
		Debug|Any CPU = Debug|Any CPU
		Release|Any CPU = Release|Any CPU
	EndGlobalSection
	GlobalSection(ProjectConfigurationPlatforms) = postSolution
		{C0EA1BE2-04D8-499B-ACE8-4D866F66C0CA}.Debug|Any CPU.ActiveCfg = Debug|Any CPU
		{C0EA1BE2-04D8-499B-ACE8-4D866F66C0CA}.Debug|Any CPU.Build.0 = Debug|Any CPU
		{C0EA1BE2-04D8-499B-ACE8-4D866F66C0CA}.Release|Any CPU.ActiveCfg = Release|Any CPU
		{C0EA1BE2-04D8-499B-ACE8-4D866F66C0CA}.Release|Any CPU.Build.0 = Release|Any CPU
	EndGlobalSection
	GlobalSection(SolutionProperties) = preSolution
		HideSolutionNode = FALSE
	EndGlobalSection
EndGlobal
