
Microsoft Visual Studio Solution File, Format Version 12.00
# Visual Studio 2012
Project("{FAE04EC0-301F-11D3-BF4B-00C04F79EFBC}") = "Pert8_Ichsan", "Pert8_Ichsan\Pert8_Ichsan.csproj", "{28555941-8E0A-49C8-B73E-17D95578F545}"
EndProject
Global
	GlobalSection(SolutionConfigurationPlatforms) = preSolution
		Debug|Any CPU = Debug|Any CPU
		Release|Any CPU = Release|Any CPU
	EndGlobalSection
	GlobalSection(ProjectConfigurationPlatforms) = postSolution
		{28555941-8E0A-49C8-B73E-17D95578F545}.Debug|Any CPU.ActiveCfg = Debug|Any CPU
		{28555941-8E0A-49C8-B73E-17D95578F545}.Debug|Any CPU.Build.0 = Debug|Any CPU
		{28555941-8E0A-49C8-B73E-17D95578F545}.Release|Any CPU.ActiveCfg = Release|Any CPU
		{28555941-8E0A-49C8-B73E-17D95578F545}.Release|Any CPU.Build.0 = Release|Any CPU
	EndGlobalSection
	GlobalSection(SolutionProperties) = preSolution
		HideSolutionNode = FALSE
	EndGlobalSection
EndGlobal
